{
  "name": "rainbowgan",
  "version": "1.0.0",
  "lockfileVersion": 1,
  "requires": true,
  "dependencies": {
    "dotenv": {
      "version": "8.0.0",
      "resolved": "https://registry.npmjs.org/dotenv/-/dotenv-8.0.0.tgz",
      "integrity": "sha512-30xVGqjLjiUOArT4+M5q9sYdvuR4riM6yK9wMcas9Vbp6zZa+ocC9dp6QoftuhTPhFAiLK/0C5Ni2nou/Bk8lg=="
    },
    "form-urlencoded": {
      "version": "1.2.0",
      "resolved": "https://registry.npmjs.org/form-urlencoded/-/form-urlencoded-1.2.0.tgz",
      "integrity": "sha1-Fs4sr6dtLki55ROrcjIorqWZM5Y="
    },
    "lodash.get": {
      "version": "4.4.2",
      "resolved": "https://registry.npmjs.org/lodash.get/-/lodash.get-4.4.2.tgz",
      "integrity": "sha1-LRd/ZS+jHpObRDjVNBSZ36OCXpk="
    },
    "node-fetch": {
      "version": "2.6.0",
      "resolved": "https://registry.npmjs.org/node-fetch/-/node-fetch-2.6.0.tgz",
      "integrity": "sha512-8dG4H5ujfvFiqDmVu9fQ5bOHUC15JMjMY/Zumv26oOvvVJjM67KF8koCWIabKQ1GJIa9r2mMZscBq/TbdOcmNA=="
    },
    "querystring": {
      "version": "0.2.0",
      "resolved": "https://registry.npmjs.org/querystring/-/querystring-0.2.0.tgz",
      "integrity": "sha1-sgmEkgO7Jd+CDadW50cAWHhSFiA="
    },
    "querystringify": {
      "version": "2.1.1",
      "resolved": "https://registry.npmjs.org/querystringify/-/querystringify-2.1.1.tgz",
      "integrity": "sha512-w7fLxIRCRT7U8Qu53jQnJyPkYZIaR4n5151KMfcJlO/A9397Wxb1amJvROTK6TOnp7PfoAmg/qXiNHI+08jRfA=="
    },
    "requires-port": {
      "version": "1.0.0",
      "resolved": "https://registry.npmjs.org/requires-port/-/requires-port-1.0.0.tgz",
      "integrity": "sha1-kl0mAdOaxIXgkc8NpcbmlNw9yv8="
    },
    "unsplash-js": {
      "version": "5.0.0",
      "resolved": "https://registry.npmjs.org/unsplash-js/-/unsplash-js-5.0.0.tgz",
      "integrity": "sha512-yPh4h0m4y0BbSjjNbn36O+8rDESIgxvElwZMwOrvsZpmbtFspwARMnrHyZ3JbAUw62ZmRxHajlsPqw55qo1iug==",
      "requires": {
        "form-urlencoded": "1.2.0",
        "lodash.get": "4.4.2",
        "querystring": "0.2.0",
        "url-parse": "1.4.4"
      }
    },
    "url-parse": {
      "version": "1.4.4",
      "resolved": "https://registry.npmjs.org/url-parse/-/url-parse-1.4.4.tgz",
      "integrity": "sha512-/92DTTorg4JjktLNLe6GPS2/RvAd/RGr6LuktmWSMLEOa6rjnlrFXNgSbSmkNvCoL2T028A0a1JaJLzRMlFoHg==",
      "requires": {
        "querystringify": "^2.0.0",
        "requires-port": "^1.0.0"
      }
    }
  }
}
